
Microsoft Visual Studio Solution File, Format Version 12.00
# Visual Studio 15
VisualStudioVersion = 15.0.27428.2043
MinimumVisualStudioVersion = 10.0.40219.1
Project("{FAE04EC0-301F-11D3-BF4B-00C04F79EFBC}") = "MediaBot", "MediaBot\MediaBot.csproj", "{3A2E6A44-B082-4DC7-8C9B-05FCAE35480E}"
EndProject
Global
	GlobalSection(SolutionConfigurationPlatforms) = preSolution
		Debug|Any CPU = Debug|Any CPU
		Release|Any CPU = Release|Any CPU
	EndGlobalSection
	GlobalSection(ProjectConfigurationPlatforms) = postSolution
		{3A2E6A44-B082-4DC7-8C9B-05FCAE35480E}.Debug|Any CPU.ActiveCfg = Debug|Any CPU
		{3A2E6A44-B082-4DC7-8C9B-05FCAE35480E}.Debug|Any CPU.Build.0 = Debug|Any CPU
		{3A2E6A44-B082-4DC7-8C9B-05FCAE35480E}.Release|Any CPU.ActiveCfg = Release|Any CPU
		{3A2E6A44-B082-4DC7-8C9B-05FCAE35480E}.Release|Any CPU.Build.0 = Release|Any CPU
	EndGlobalSection
	GlobalSection(SolutionProperties) = preSolution
		HideSolutionNode = FALSE
	EndGlobalSection
	GlobalSection(ExtensibilityGlobals) = postSolution
		SolutionGuid = {3129D8B3-7775-4D3B-B02B-84618BD1EF76}
	EndGlobalSection
EndGlobal
