
Microsoft Visual Studio Solution File, Format Version 12.00
# Visual Studio 15
VisualStudioVersion = 15.0.27428.2043
MinimumVisualStudioVersion = 10.0.40219.1
Project("{FAE04EC0-301F-11D3-BF4B-00C04F79EFBC}") = "Chatbotuserdata", "Chatbotuserdata\Chatbotuserdata.csproj", "{F7BAACCE-5606-4CC8-BD02-29191C8E06AB}"
EndProject
Global
	GlobalSection(SolutionConfigurationPlatforms) = preSolution
		Debug|Any CPU = Debug|Any CPU
		Release|Any CPU = Release|Any CPU
	EndGlobalSection
	GlobalSection(ProjectConfigurationPlatforms) = postSolution
		{F7BAACCE-5606-4CC8-BD02-29191C8E06AB}.Debug|Any CPU.ActiveCfg = Debug|Any CPU
		{F7BAACCE-5606-4CC8-BD02-29191C8E06AB}.Debug|Any CPU.Build.0 = Debug|Any CPU
		{F7BAACCE-5606-4CC8-BD02-29191C8E06AB}.Release|Any CPU.ActiveCfg = Release|Any CPU
		{F7BAACCE-5606-4CC8-BD02-29191C8E06AB}.Release|Any CPU.Build.0 = Release|Any CPU
	EndGlobalSection
	GlobalSection(SolutionProperties) = preSolution
		HideSolutionNode = FALSE
	EndGlobalSection
	GlobalSection(ExtensibilityGlobals) = postSolution
		SolutionGuid = {BBBBC739-8B51-4C66-B3D7-1869D78E2AC0}
	EndGlobalSection
EndGlobal
