
Microsoft Visual Studio Solution File, Format Version 12.00
# Visual Studio 15
VisualStudioVersion = 15.0.27428.2043
MinimumVisualStudioVersion = 10.0.40219.1
Project("{FAE04EC0-301F-11D3-BF4B-00C04F79EFBC}") = "Chatbotbingsearch", "Chatbotbingsearch\Chatbotbingsearch.csproj", "{52BE7B32-8498-48E7-ACE4-D236FAF8F7CF}"
EndProject
Global
	GlobalSection(SolutionConfigurationPlatforms) = preSolution
		Debug|Any CPU = Debug|Any CPU
		Release|Any CPU = Release|Any CPU
	EndGlobalSection
	GlobalSection(ProjectConfigurationPlatforms) = postSolution
		{52BE7B32-8498-48E7-ACE4-D236FAF8F7CF}.Debug|Any CPU.ActiveCfg = Debug|Any CPU
		{52BE7B32-8498-48E7-ACE4-D236FAF8F7CF}.Debug|Any CPU.Build.0 = Debug|Any CPU
		{52BE7B32-8498-48E7-ACE4-D236FAF8F7CF}.Release|Any CPU.ActiveCfg = Release|Any CPU
		{52BE7B32-8498-48E7-ACE4-D236FAF8F7CF}.Release|Any CPU.Build.0 = Release|Any CPU
	EndGlobalSection
	GlobalSection(SolutionProperties) = preSolution
		HideSolutionNode = FALSE
	EndGlobalSection
	GlobalSection(ExtensibilityGlobals) = postSolution
		SolutionGuid = {8DCEA0E2-11BA-4494-9838-4A27507DCC3F}
	EndGlobalSection
EndGlobal
